<Solution>
  <Folder Name="/Itens de Solução/">
    <File Path="Arquitetura.png" />
    <File Path="docker-compose.yml" />
  </Folder>
  <Project Path="Solidarity.Application/Solidarity.Application.csproj" />
  <Project Path="Solidarity.Domain/Solidarity.Domain.csproj" />
  <Project Path="Solidarity.Infrastructure/Solidarity.Infrastructure.csproj" />
  <Project Path="Solidarity.Shared/Solidarity.Shared.csproj" />
  <Project Path="Solidarity.Worker/Solidarity.Worker.csproj" />
</Solution>
